// !$*UTF8*$!
{
	archiveVersion = 1;
	classes = {
	};
	objectVersion = 46;
	objects = {

/* Begin PBXBuildFile section */
		C30176F31DA9FCF3008DD05B /* NetworkEnums.swift in Sources */ = {isa = PBXBuildFile; fileRef = C30176F21DA9FCF3008DD05B /* NetworkEnums.swift */; };
		C30176F51DAA0280008DD05B /* Request.swift in Sources */ = {isa = PBXBuildFile; fileRef = C30176F41DAA0280008DD05B /* Request.swift */; };
		C30176F71DAA028D008DD05B /* Response.swift in Sources */ = {isa = PBXBuildFile; fileRef = C30176F61DAA028D008DD05B /* Response.swift */; };
		C30176F91DACAE71008DD05B /* APIResultTransformer.swift in Sources */ = {isa = PBXBuildFile; fileRef = C30176F81DACAE71008DD05B /* APIResultTransformer.swift */; };
		C39FA5DC1DD0667E0088B389 /* Int64Extension.swift in Sources */ = {isa = PBXBuildFile; fileRef = C39FA5DB1DD0667E0088B389 /* Int64Extension.swift */; };
		C3B1407D1DB76AD000D4B3EF /* AppDelegate.swift in Sources */ = {isa = PBXBuildFile; fileRef = C3B1407C1DB76AD000D4B3EF /* AppDelegate.swift */; };
		C3B1407F1DB76AD000D4B3EF /* ViewController.swift in Sources */ = {isa = PBXBuildFile; fileRef = C3B1407E1DB76AD000D4B3EF /* ViewController.swift */; };
		C3B140821DB76AD000D4B3EF /* Main.storyboard in Resources */ = {isa = PBXBuildFile; fileRef = C3B140801DB76AD000D4B3EF /* Main.storyboard */; };
		C3B140841DB76AD000D4B3EF /* Assets.xcassets in Resources */ = {isa = PBXBuildFile; fileRef = C3B140831DB76AD000D4B3EF /* Assets.xcassets */; };
		C3B140871DB76AD000D4B3EF /* LaunchScreen.storyboard in Resources */ = {isa = PBXBuildFile; fileRef = C3B140851DB76AD000D4B3EF /* LaunchScreen.storyboard */; };
		C3B1408E1DB76B4500D4B3EF /* IronThrone.framework in Frameworks */ = {isa = PBXBuildFile; fileRef = C3DAFCD61D8E8A6400F83608 /* IronThrone.framework */; };
		C3B1408F1DB76B4500D4B3EF /* IronThrone.framework in Embed Frameworks */ = {isa = PBXBuildFile; fileRef = C3DAFCD61D8E8A6400F83608 /* IronThrone.framework */; settings = {ATTRIBUTES = (CodeSignOnCopy, RemoveHeadersOnCopy, ); }; };
		C3B140911DB76B5B00D4B3EF /* Alamofire.framework in Frameworks */ = {isa = PBXBuildFile; fileRef = C3DAFCF11D8E8BEE00F83608 /* Alamofire.framework */; };
		C3B140921DB76B5B00D4B3EF /* Alamofire.framework in Embed Frameworks */ = {isa = PBXBuildFile; fileRef = C3DAFCF11D8E8BEE00F83608 /* Alamofire.framework */; settings = {ATTRIBUTES = (CodeSignOnCopy, RemoveHeadersOnCopy, ); }; };
		C3C495791DCC824700305B17 /* NetworkError.swift in Sources */ = {isa = PBXBuildFile; fileRef = C3C495781DCC824700305B17 /* NetworkError.swift */; };
		C3DAFCE01D8E8A6400F83608 /* IronThrone.framework in Frameworks */ = {isa = PBXBuildFile; fileRef = C3DAFCD61D8E8A6400F83608 /* IronThrone.framework */; };
		C3DAFCE51D8E8A6400F83608 /* IronThroneTests.swift in Sources */ = {isa = PBXBuildFile; fileRef = C3DAFCE41D8E8A6400F83608 /* IronThroneTests.swift */; };
		C3DAFCE71D8E8A6400F83608 /* IronThrone.h in Headers */ = {isa = PBXBuildFile; fileRef = C3DAFCD91D8E8A6400F83608 /* IronThrone.h */; settings = {ATTRIBUTES = (Public, ); }; };
		C3DAFCF21D8E8BEE00F83608 /* Alamofire.framework in Frameworks */ = {isa = PBXBuildFile; fileRef = C3DAFCF11D8E8BEE00F83608 /* Alamofire.framework */; };
		C3DAFCF61D8E8CEF00F83608 /* IronThrone.swift in Sources */ = {isa = PBXBuildFile; fileRef = C3DAFCF51D8E8CEF00F83608 /* IronThrone.swift */; };
		C3DAFCF81D8E8E5700F83608 /* UIColorExtension.swift in Sources */ = {isa = PBXBuildFile; fileRef = C3DAFCF71D8E8E5700F83608 /* UIColorExtension.swift */; };
		C3DAFCFA1D8E97A500F83608 /* HttpResult.swift in Sources */ = {isa = PBXBuildFile; fileRef = C3DAFCF91D8E97A500F83608 /* HttpResult.swift */; };
		C3DAFCFC1D8E98DA00F83608 /* NetworkKit.swift in Sources */ = {isa = PBXBuildFile; fileRef = C3DAFCFB1D8E98DA00F83608 /* NetworkKit.swift */; };
		C3DAFCFE1D8E9C2E00F83608 /* UIViewExtension.swift in Sources */ = {isa = PBXBuildFile; fileRef = C3DAFCFD1D8E9C2E00F83608 /* UIViewExtension.swift */; };
		C3DAFD001D8E9C9C00F83608 /* StringExtension.swift in Sources */ = {isa = PBXBuildFile; fileRef = C3DAFCFF1D8E9C9C00F83608 /* StringExtension.swift */; };
		C3DAFD021D8E9DF100F83608 /* DataExtension.swift in Sources */ = {isa = PBXBuildFile; fileRef = C3DAFD011D8E9DF100F83608 /* DataExtension.swift */; };
		C3DAFD041D8E9E0600F83608 /* DateExtension.swift in Sources */ = {isa = PBXBuildFile; fileRef = C3DAFD031D8E9E0600F83608 /* DateExtension.swift */; };
/* End PBXBuildFile section */

/* Begin PBXContainerItemProxy section */
		C3B1408C1DB76B4000D4B3EF /* PBXContainerItemProxy */ = {
			isa = PBXContainerItemProxy;
			containerPortal = C3DAFCCD1D8E8A6400F83608 /* Project object */;
			proxyType = 1;
			remoteGlobalIDString = C3DAFCD51D8E8A6400F83608;
			remoteInfo = IronThrone;
		};
		C3DAFCE11D8E8A6400F83608 /* PBXContainerItemProxy */ = {
			isa = PBXContainerItemProxy;
			containerPortal = C3DAFCCD1D8E8A6400F83608 /* Project object */;
			proxyType = 1;
			remoteGlobalIDString = C3DAFCD51D8E8A6400F83608;
			remoteInfo = IronThrone;
		};
/* End PBXContainerItemProxy section */

/* Begin PBXCopyFilesBuildPhase section */
		C3B140901DB76B4600D4B3EF /* Embed Frameworks */ = {
			isa = PBXCopyFilesBuildPhase;
			buildActionMask = 2147483647;
			dstPath = "";
			dstSubfolderSpec = 10;
			files = (
				C3B1408F1DB76B4500D4B3EF /* IronThrone.framework in Embed Frameworks */,
				C3B140921DB76B5B00D4B3EF /* Alamofire.framework in Embed Frameworks */,
			);
			name = "Embed Frameworks";
			runOnlyForDeploymentPostprocessing = 0;
		};
/* End PBXCopyFilesBuildPhase section */

/* Begin PBXFileReference section */
		C30176F21DA9FCF3008DD05B /* NetworkEnums.swift */ = {isa = PBXFileReference; fileEncoding = 4; lastKnownFileType = sourcecode.swift; path = NetworkEnums.swift; sourceTree = "<group>"; };
		C30176F41DAA0280008DD05B /* Request.swift */ = {isa = PBXFileReference; fileEncoding = 4; lastKnownFileType = sourcecode.swift; path = Request.swift; sourceTree = "<group>"; };
		C30176F61DAA028D008DD05B /* Response.swift */ = {isa = PBXFileReference; fileEncoding = 4; lastKnownFileType = sourcecode.swift; path = Response.swift; sourceTree = "<group>"; };
		C30176F81DACAE71008DD05B /* APIResultTransformer.swift */ = {isa = PBXFileReference; fileEncoding = 4; lastKnownFileType = sourcecode.swift; path = APIResultTransformer.swift; sourceTree = "<group>"; };
		C39FA5DB1DD0667E0088B389 /* Int64Extension.swift */ = {isa = PBXFileReference; fileEncoding = 4; lastKnownFileType = sourcecode.swift; path = Int64Extension.swift; sourceTree = "<group>"; };
		C3B1407A1DB76AD000D4B3EF /* Demo.app */ = {isa = PBXFileReference; explicitFileType = wrapper.application; includeInIndex = 0; path = Demo.app; sourceTree = BUILT_PRODUCTS_DIR; };
		C3B1407C1DB76AD000D4B3EF /* AppDelegate.swift */ = {isa = PBXFileReference; lastKnownFileType = sourcecode.swift; path = AppDelegate.swift; sourceTree = "<group>"; };
		C3B1407E1DB76AD000D4B3EF /* ViewController.swift */ = {isa = PBXFileReference; lastKnownFileType = sourcecode.swift; path = ViewController.swift; sourceTree = "<group>"; };
		C3B140811DB76AD000D4B3EF /* Base */ = {isa = PBXFileReference; lastKnownFileType = file.storyboard; name = Base; path = Base.lproj/Main.storyboard; sourceTree = "<group>"; };
		C3B140831DB76AD000D4B3EF /* Assets.xcassets */ = {isa = PBXFileReference; lastKnownFileType = folder.assetcatalog; path = Assets.xcassets; sourceTree = "<group>"; };
		C3B140861DB76AD000D4B3EF /* Base */ = {isa = PBXFileReference; lastKnownFileType = file.storyboard; name = Base; path = Base.lproj/LaunchScreen.storyboard; sourceTree = "<group>"; };
		C3B140881DB76AD000D4B3EF /* Info.plist */ = {isa = PBXFileReference; lastKnownFileType = text.plist.xml; path = Info.plist; sourceTree = "<group>"; };
		C3C495781DCC824700305B17 /* NetworkError.swift */ = {isa = PBXFileReference; fileEncoding = 4; lastKnownFileType = sourcecode.swift; path = NetworkError.swift; sourceTree = "<group>"; };
		C3DAFCD61D8E8A6400F83608 /* IronThrone.framework */ = {isa = PBXFileReference; explicitFileType = wrapper.framework; includeInIndex = 0; path = IronThrone.framework; sourceTree = BUILT_PRODUCTS_DIR; };
		C3DAFCD91D8E8A6400F83608 /* IronThrone.h */ = {isa = PBXFileReference; lastKnownFileType = sourcecode.c.h; path = IronThrone.h; sourceTree = "<group>"; };
		C3DAFCDA1D8E8A6400F83608 /* Info.plist */ = {isa = PBXFileReference; lastKnownFileType = text.plist.xml; path = Info.plist; sourceTree = "<group>"; };
		C3DAFCDF1D8E8A6400F83608 /* IronThroneTests.xctest */ = {isa = PBXFileReference; explicitFileType = wrapper.cfbundle; includeInIndex = 0; path = IronThroneTests.xctest; sourceTree = BUILT_PRODUCTS_DIR; };
		C3DAFCE41D8E8A6400F83608 /* IronThroneTests.swift */ = {isa = PBXFileReference; lastKnownFileType = sourcecode.swift; path = IronThroneTests.swift; sourceTree = "<group>"; };
		C3DAFCE61D8E8A6400F83608 /* Info.plist */ = {isa = PBXFileReference; lastKnownFileType = text.plist.xml; path = Info.plist; sourceTree = "<group>"; };
		C3DAFCF11D8E8BEE00F83608 /* Alamofire.framework */ = {isa = PBXFileReference; lastKnownFileType = wrapper.framework; name = Alamofire.framework; path = Carthage/Build/iOS/Alamofire.framework; sourceTree = "<group>"; };
		C3DAFCF51D8E8CEF00F83608 /* IronThrone.swift */ = {isa = PBXFileReference; fileEncoding = 4; lastKnownFileType = sourcecode.swift; path = IronThrone.swift; sourceTree = "<group>"; };
		C3DAFCF71D8E8E5700F83608 /* UIColorExtension.swift */ = {isa = PBXFileReference; fileEncoding = 4; lastKnownFileType = sourcecode.swift; path = UIColorExtension.swift; sourceTree = "<group>"; };
		C3DAFCF91D8E97A500F83608 /* HttpResult.swift */ = {isa = PBXFileReference; fileEncoding = 4; lastKnownFileType = sourcecode.swift; path = HttpResult.swift; sourceTree = "<group>"; };
		C3DAFCFB1D8E98DA00F83608 /* NetworkKit.swift */ = {isa = PBXFileReference; fileEncoding = 4; lastKnownFileType = sourcecode.swift; path = NetworkKit.swift; sourceTree = "<group>"; };
		C3DAFCFD1D8E9C2E00F83608 /* UIViewExtension.swift */ = {isa = PBXFileReference; fileEncoding = 4; lastKnownFileType = sourcecode.swift; path = UIViewExtension.swift; sourceTree = "<group>"; };
		C3DAFCFF1D8E9C9C00F83608 /* StringExtension.swift */ = {isa = PBXFileReference; fileEncoding = 4; lastKnownFileType = sourcecode.swift; path = StringExtension.swift; sourceTree = "<group>"; };
		C3DAFD011D8E9DF100F83608 /* DataExtension.swift */ = {isa = PBXFileReference; fileEncoding = 4; lastKnownFileType = sourcecode.swift; path = DataExtension.swift; sourceTree = "<group>"; };
		C3DAFD031D8E9E0600F83608 /* DateExtension.swift */ = {isa = PBXFileReference; fileEncoding = 4; lastKnownFileType = sourcecode.swift; path = DateExtension.swift; sourceTree = "<group>"; };
/* End PBXFileReference section */

/* Begin PBXFrameworksBuildPhase section */
		C3B140771DB76AD000D4B3EF /* Frameworks */ = {
			isa = PBXFrameworksBuildPhase;
			buildActionMask = 2147483647;
			files = (
				C3B1408E1DB76B4500D4B3EF /* IronThrone.framework in Frameworks */,
				C3B140911DB76B5B00D4B3EF /* Alamofire.framework in Frameworks */,
			);
			runOnlyForDeploymentPostprocessing = 0;
		};
		C3DAFCD21D8E8A6400F83608 /* Frameworks */ = {
			isa = PBXFrameworksBuildPhase;
			buildActionMask = 2147483647;
			files = (
				C3DAFCF21D8E8BEE00F83608 /* Alamofire.framework in Frameworks */,
			);
			runOnlyForDeploymentPostprocessing = 0;
		};
		C3DAFCDC1D8E8A6400F83608 /* Frameworks */ = {
			isa = PBXFrameworksBuildPhase;
			buildActionMask = 2147483647;
			files = (
				C3DAFCE01D8E8A6400F83608 /* IronThrone.framework in Frameworks */,
			);
			runOnlyForDeploymentPostprocessing = 0;
		};
/* End PBXFrameworksBuildPhase section */

/* Begin PBXGroup section */
		C3B1407B1DB76AD000D4B3EF /* Demo */ = {
			isa = PBXGroup;
			children = (
				C3B1407C1DB76AD000D4B3EF /* AppDelegate.swift */,
				C3B1407E1DB76AD000D4B3EF /* ViewController.swift */,
				C3B140801DB76AD000D4B3EF /* Main.storyboard */,
				C3B140831DB76AD000D4B3EF /* Assets.xcassets */,
				C3B140851DB76AD000D4B3EF /* LaunchScreen.storyboard */,
				C3B140881DB76AD000D4B3EF /* Info.plist */,
			);
			path = Demo;
			sourceTree = "<group>";
		};
		C3DAFCCC1D8E8A6400F83608 = {
			isa = PBXGroup;
			children = (
				C3DAFCF41D8E8CAB00F83608 /* Network */,
				C3DAFCF31D8E8C9700F83608 /* Extensions */,
				C3DAFCD81D8E8A6400F83608 /* IronThrone */,
				C3DAFCE31D8E8A6400F83608 /* IronThroneTests */,
				C3B1407B1DB76AD000D4B3EF /* Demo */,
				C3DAFCF01D8E8BCB00F83608 /* Frameworks */,
				C3DAFCD71D8E8A6400F83608 /* Products */,
			);
			sourceTree = "<group>";
		};
		C3DAFCD71D8E8A6400F83608 /* Products */ = {
			isa = PBXGroup;
			children = (
				C3DAFCD61D8E8A6400F83608 /* IronThrone.framework */,
				C3DAFCDF1D8E8A6400F83608 /* IronThroneTests.xctest */,
				C3B1407A1DB76AD000D4B3EF /* Demo.app */,
			);
			name = Products;
			sourceTree = "<group>";
		};
		C3DAFCD81D8E8A6400F83608 /* IronThrone */ = {
			isa = PBXGroup;
			children = (
				C3DAFCF51D8E8CEF00F83608 /* IronThrone.swift */,
				C3DAFCD91D8E8A6400F83608 /* IronThrone.h */,
				C3DAFCDA1D8E8A6400F83608 /* Info.plist */,
			);
			path = IronThrone;
			sourceTree = "<group>";
		};
		C3DAFCE31D8E8A6400F83608 /* IronThroneTests */ = {
			isa = PBXGroup;
			children = (
				C3DAFCE41D8E8A6400F83608 /* IronThroneTests.swift */,
				C3DAFCE61D8E8A6400F83608 /* Info.plist */,
			);
			path = IronThroneTests;
			sourceTree = "<group>";
		};
		C3DAFCF01D8E8BCB00F83608 /* Frameworks */ = {
			isa = PBXGroup;
			children = (
				C3DAFCF11D8E8BEE00F83608 /* Alamofire.framework */,
			);
			name = Frameworks;
			sourceTree = "<group>";
		};
		C3DAFCF31D8E8C9700F83608 /* Extensions */ = {
			isa = PBXGroup;
			children = (
				C3DAFCF71D8E8E5700F83608 /* UIColorExtension.swift */,
				C3DAFCFD1D8E9C2E00F83608 /* UIViewExtension.swift */,
				C3DAFD011D8E9DF100F83608 /* DataExtension.swift */,
				C3DAFCFF1D8E9C9C00F83608 /* StringExtension.swift */,
				C3DAFD031D8E9E0600F83608 /* DateExtension.swift */,
				C39FA5DB1DD0667E0088B389 /* Int64Extension.swift */,
			);
			path = Extensions;
			sourceTree = "<group>";
		};
		C3DAFCF41D8E8CAB00F83608 /* Network */ = {
			isa = PBXGroup;
			children = (
				C3DAFCF91D8E97A500F83608 /* HttpResult.swift */,
				C30176F81DACAE71008DD05B /* APIResultTransformer.swift */,
				C30176F21DA9FCF3008DD05B /* NetworkEnums.swift */,
				C3DAFCFB1D8E98DA00F83608 /* NetworkKit.swift */,
				C30176F41DAA0280008DD05B /* Request.swift */,
				C30176F61DAA028D008DD05B /* Response.swift */,
				C3C495781DCC824700305B17 /* NetworkError.swift */,
			);
			path = Network;
			sourceTree = "<group>";
		};
/* End PBXGroup section */

/* Begin PBXHeadersBuildPhase section */
		C3DAFCD31D8E8A6400F83608 /* Headers */ = {
			isa = PBXHeadersBuildPhase;
			buildActionMask = 2147483647;
			files = (
				C3DAFCE71D8E8A6400F83608 /* IronThrone.h in Headers */,
			);
			runOnlyForDeploymentPostprocessing = 0;
		};
/* End PBXHeadersBuildPhase section */

/* Begin PBXNativeTarget section */
		C3B140791DB76AD000D4B3EF /* Demo */ = {
			isa = PBXNativeTarget;
			buildConfigurationList = C3B1408B1DB76AD000D4B3EF /* Build configuration list for PBXNativeTarget "Demo" */;
			buildPhases = (
				C3B140761DB76AD000D4B3EF /* Sources */,
				C3B140771DB76AD000D4B3EF /* Frameworks */,
				C3B140781DB76AD000D4B3EF /* Resources */,
				C3B140901DB76B4600D4B3EF /* Embed Frameworks */,
			);
			buildRules = (
			);
			dependencies = (
				C3B1408D1DB76B4000D4B3EF /* PBXTargetDependency */,
			);
			name = Demo;
			productName = Demo;
			productReference = C3B1407A1DB76AD000D4B3EF /* Demo.app */;
			productType = "com.apple.product-type.application";
		};
		C3DAFCD51D8E8A6400F83608 /* IronThrone */ = {
			isa = PBXNativeTarget;
			buildConfigurationList = C3DAFCEA1D8E8A6400F83608 /* Build configuration list for PBXNativeTarget "IronThrone" */;
			buildPhases = (
				C3DAFCD11D8E8A6400F83608 /* Sources */,
				C3DAFCD21D8E8A6400F83608 /* Frameworks */,
				C3DAFCD31D8E8A6400F83608 /* Headers */,
				C3DAFCD41D8E8A6400F83608 /* Resources */,
			);
			buildRules = (
			);
			dependencies = (
			);
			name = IronThrone;
			productName = IronThrone;
			productReference = C3DAFCD61D8E8A6400F83608 /* IronThrone.framework */;
			productType = "com.apple.product-type.framework";
		};
		C3DAFCDE1D8E8A6400F83608 /* IronThroneTests */ = {
			isa = PBXNativeTarget;
			buildConfigurationList = C3DAFCED1D8E8A6400F83608 /* Build configuration list for PBXNativeTarget "IronThroneTests" */;
			buildPhases = (
				C3DAFCDB1D8E8A6400F83608 /* Sources */,
				C3DAFCDC1D8E8A6400F83608 /* Frameworks */,
				C3DAFCDD1D8E8A6400F83608 /* Resources */,
			);
			buildRules = (
			);
			dependencies = (
				C3DAFCE21D8E8A6400F83608 /* PBXTargetDependency */,
			);
			name = IronThroneTests;
			productName = IronThroneTests;
			productReference = C3DAFCDF1D8E8A6400F83608 /* IronThroneTests.xctest */;
			productType = "com.apple.product-type.bundle.unit-test";
		};
/* End PBXNativeTarget section */

/* Begin PBXProject section */
		C3DAFCCD1D8E8A6400F83608 /* Project object */ = {
			isa = PBXProject;
			attributes = {
				LastSwiftUpdateCheck = 0800;
				LastUpgradeCheck = 0810;
				ORGANIZATIONNAME = serious;
				TargetAttributes = {
					C3B140791DB76AD000D4B3EF = {
						CreatedOnToolsVersion = 8.0;
						DevelopmentTeam = RJ9J7AZJR2;
						ProvisioningStyle = Automatic;
					};
					C3DAFCD51D8E8A6400F83608 = {
						CreatedOnToolsVersion = 8.0;
						DevelopmentTeam = RJ9J7AZJR2;
						LastSwiftMigration = 0800;
						ProvisioningStyle = Automatic;
					};
					C3DAFCDE1D8E8A6400F83608 = {
						CreatedOnToolsVersion = 8.0;
						DevelopmentTeam = RJ9J7AZJR2;
						ProvisioningStyle = Automatic;
					};
				};
			};
			buildConfigurationList = C3DAFCD01D8E8A6400F83608 /* Build configuration list for PBXProject "IronThrone" */;
			compatibilityVersion = "Xcode 3.2";
			developmentRegion = English;
			hasScannedForEncodings = 0;
			knownRegions = (
				en,
				Base,
			);
			mainGroup = C3DAFCCC1D8E8A6400F83608;
			productRefGroup = C3DAFCD71D8E8A6400F83608 /* Products */;
			projectDirPath = "";
			projectRoot = "";
			targets = (
				C3DAFCD51D8E8A6400F83608 /* IronThrone */,
				C3DAFCDE1D8E8A6400F83608 /* IronThroneTests */,
				C3B140791DB76AD000D4B3EF /* Demo */,
			);
		};
/* End PBXProject section */

/* Begin PBXResourcesBuildPhase section */
		C3B140781DB76AD000D4B3EF /* Resources */ = {
			isa = PBXResourcesBuildPhase;
			buildActionMask = 2147483647;
			files = (
				C3B140871DB76AD000D4B3EF /* LaunchScreen.storyboard in Resources */,
				C3B140841DB76AD000D4B3EF /* Assets.xcassets in Resources */,
				C3B140821DB76AD000D4B3EF /* Main.storyboard in Resources */,
			);
			runOnlyForDeploymentPostprocessing = 0;
		};
		C3DAFCD41D8E8A6400F83608 /* Resources */ = {
			isa = PBXResourcesBuildPhase;
			buildActionMask = 2147483647;
			files = (
			);
			runOnlyForDeploymentPostprocessing = 0;
		};
		C3DAFCDD1D8E8A6400F83608 /* Resources */ = {
			isa = PBXResourcesBuildPhase;
			buildActionMask = 2147483647;
			files = (
			);
			runOnlyForDeploymentPostprocessing = 0;
		};
/* End PBXResourcesBuildPhase section */

/* Begin PBXSourcesBuildPhase section */
		C3B140761DB76AD000D4B3EF /* Sources */ = {
			isa = PBXSourcesBuildPhase;
			buildActionMask = 2147483647;
			files = (
				C3B1407F1DB76AD000D4B3EF /* ViewController.swift in Sources */,
				C3B1407D1DB76AD000D4B3EF /* AppDelegate.swift in Sources */,
			);
			runOnlyForDeploymentPostprocessing = 0;
		};
		C3DAFCD11D8E8A6400F83608 /* Sources */ = {
			isa = PBXSourcesBuildPhase;
			buildActionMask = 2147483647;
			files = (
				C3DAFCFE1D8E9C2E00F83608 /* UIViewExtension.swift in Sources */,
				C3DAFD041D8E9E0600F83608 /* DateExtension.swift in Sources */,
				C3DAFCFA1D8E97A500F83608 /* HttpResult.swift in Sources */,
				C3DAFD001D8E9C9C00F83608 /* StringExtension.swift in Sources */,
				C3DAFCFC1D8E98DA00F83608 /* NetworkKit.swift in Sources */,
				C30176F31DA9FCF3008DD05B /* NetworkEnums.swift in Sources */,
				C3DAFD021D8E9DF100F83608 /* DataExtension.swift in Sources */,
				C39FA5DC1DD0667E0088B389 /* Int64Extension.swift in Sources */,
				C30176F71DAA028D008DD05B /* Response.swift in Sources */,
				C30176F51DAA0280008DD05B /* Request.swift in Sources */,
				C30176F91DACAE71008DD05B /* APIResultTransformer.swift in Sources */,
				C3C495791DCC824700305B17 /* NetworkError.swift in Sources */,
				C3DAFCF61D8E8CEF00F83608 /* IronThrone.swift in Sources */,
				C3DAFCF81D8E8E5700F83608 /* UIColorExtension.swift in Sources */,
			);
			runOnlyForDeploymentPostprocessing = 0;
		};
		C3DAFCDB1D8E8A6400F83608 /* Sources */ = {
			isa = PBXSourcesBuildPhase;
			buildActionMask = 2147483647;
			files = (
				C3DAFCE51D8E8A6400F83608 /* IronThroneTests.swift in Sources */,
			);
			runOnlyForDeploymentPostprocessing = 0;
		};
/* End PBXSourcesBuildPhase section */

/* Begin PBXTargetDependency section */
		C3B1408D1DB76B4000D4B3EF /* PBXTargetDependency */ = {
			isa = PBXTargetDependency;
			target = C3DAFCD51D8E8A6400F83608 /* IronThrone */;
			targetProxy = C3B1408C1DB76B4000D4B3EF /* PBXContainerItemProxy */;
		};
		C3DAFCE21D8E8A6400F83608 /* PBXTargetDependency */ = {
			isa = PBXTargetDependency;
			target = C3DAFCD51D8E8A6400F83608 /* IronThrone */;
			targetProxy = C3DAFCE11D8E8A6400F83608 /* PBXContainerItemProxy */;
		};
/* End PBXTargetDependency section */

/* Begin PBXVariantGroup section */
		C3B140801DB76AD000D4B3EF /* Main.storyboard */ = {
			isa = PBXVariantGroup;
			children = (
				C3B140811DB76AD000D4B3EF /* Base */,
			);
			name = Main.storyboard;
			sourceTree = "<group>";
		};
		C3B140851DB76AD000D4B3EF /* LaunchScreen.storyboard */ = {
			isa = PBXVariantGroup;
			children = (
				C3B140861DB76AD000D4B3EF /* Base */,
			);
			name = LaunchScreen.storyboard;
			sourceTree = "<group>";
		};
/* End PBXVariantGroup section */

/* Begin XCBuildConfiguration section */
		C3B140891DB76AD000D4B3EF /* Debug */ = {
			isa = XCBuildConfiguration;
			buildSettings = {
				ALWAYS_EMBED_SWIFT_STANDARD_LIBRARIES = YES;
				ASSETCATALOG_COMPILER_APPICON_NAME = AppIcon;
				DEVELOPMENT_TEAM = RJ9J7AZJR2;
				FRAMEWORK_SEARCH_PATHS = (
					"$(inherited)",
					"$(PROJECT_DIR)/Carthage/Build/iOS",
				);
				INFOPLIST_FILE = Demo/Info.plist;
				LD_RUNPATH_SEARCH_PATHS = "$(inherited) @executable_path/Frameworks";
				PRODUCT_BUNDLE_IDENTIFIER = com.ricebook.Demo;
				PRODUCT_NAME = "$(TARGET_NAME)";
				SWIFT_VERSION = 3.0;
			};
			name = Debug;
		};
		C3B1408A1DB76AD000D4B3EF /* Release */ = {
			isa = XCBuildConfiguration;
			buildSettings = {
				ALWAYS_EMBED_SWIFT_STANDARD_LIBRARIES = YES;
				ASSETCATALOG_COMPILER_APPICON_NAME = AppIcon;
				DEVELOPMENT_TEAM = RJ9J7AZJR2;
				FRAMEWORK_SEARCH_PATHS = (
					"$(inherited)",
					"$(PROJECT_DIR)/Carthage/Build/iOS",
				);
				INFOPLIST_FILE = Demo/Info.plist;
				LD_RUNPATH_SEARCH_PATHS = "$(inherited) @executable_path/Frameworks";
				PRODUCT_BUNDLE_IDENTIFIER = com.ricebook.Demo;
				PRODUCT_NAME = "$(TARGET_NAME)";
				SWIFT_VERSION = 3.0;
			};
			name = Release;
		};
		C3DAFCE81D8E8A6400F83608 /* Debug */ = {
			isa = XCBuildConfiguration;
			buildSettings = {
				ALWAYS_SEARCH_USER_PATHS = NO;
				CLANG_ANALYZER_NONNULL = YES;
				CLANG_CXX_LANGUAGE_STANDARD = "gnu++0x";
				CLANG_CXX_LIBRARY = "libc++";
				CLANG_ENABLE_MODULES = YES;
				CLANG_ENABLE_OBJC_ARC = YES;
				CLANG_WARN_BOOL_CONVERSION = YES;
				CLANG_WARN_CONSTANT_CONVERSION = YES;
				CLANG_WARN_DIRECT_OBJC_ISA_USAGE = YES_ERROR;
				CLANG_WARN_DOCUMENTATION_COMMENTS = YES;
				CLANG_WARN_EMPTY_BODY = YES;
				CLANG_WARN_ENUM_CONVERSION = YES;
				CLANG_WARN_INFINITE_RECURSION = YES;
				CLANG_WARN_INT_CONVERSION = YES;
				CLANG_WARN_OBJC_ROOT_CLASS = YES_ERROR;
				CLANG_WARN_SUSPICIOUS_MOVE = YES;
				CLANG_WARN_SUSPICIOUS_MOVES = YES;
				CLANG_WARN_UNREACHABLE_CODE = YES;
				CLANG_WARN__DUPLICATE_METHOD_MATCH = YES;
				"CODE_SIGN_IDENTITY[sdk=iphoneos*]" = "iPhone Developer";
				COPY_PHASE_STRIP = NO;
				CURRENT_PROJECT_VERSION = 1;
				DEBUG_INFORMATION_FORMAT = dwarf;
				ENABLE_STRICT_OBJC_MSGSEND = YES;
				ENABLE_TESTABILITY = YES;
				GCC_C_LANGUAGE_STANDARD = gnu99;
				GCC_DYNAMIC_NO_PIC = NO;
				GCC_NO_COMMON_BLOCKS = YES;
				GCC_OPTIMIZATION_LEVEL = 0;
				GCC_PREPROCESSOR_DEFINITIONS = (
					"DEBUG=1",
					"$(inherited)",
				);
				GCC_WARN_64_TO_32_BIT_CONVERSION = YES;
				GCC_WARN_ABOUT_RETURN_TYPE = YES_ERROR;
				GCC_WARN_UNDECLARED_SELECTOR = YES;
				GCC_WARN_UNINITIALIZED_AUTOS = YES_AGGRESSIVE;
				GCC_WARN_UNUSED_FUNCTION = YES;
				GCC_WARN_UNUSED_VARIABLE = YES;
				IPHONEOS_DEPLOYMENT_TARGET = 10.0;
				MTL_ENABLE_DEBUG_INFO = YES;
				ONLY_ACTIVE_ARCH = YES;
				SDKROOT = iphoneos;
				SWIFT_ACTIVE_COMPILATION_CONDITIONS = DEBUG;
				SWIFT_OPTIMIZATION_LEVEL = "-Onone";
				TARGETED_DEVICE_FAMILY = "1,2";
				VERSIONING_SYSTEM = "apple-generic";
				VERSION_INFO_PREFIX = "";
			};
			name = Debug;
		};
		C3DAFCE91D8E8A6400F83608 /* Release */ = {
			isa = XCBuildConfiguration;
			buildSettings = {
				ALWAYS_SEARCH_USER_PATHS = NO;
				CLANG_ANALYZER_NONNULL = YES;
				CLANG_CXX_LANGUAGE_STANDARD = "gnu++0x";
				CLANG_CXX_LIBRARY = "libc++";
				CLANG_ENABLE_MODULES = YES;
				CLANG_ENABLE_OBJC_ARC = YES;
				CLANG_WARN_BOOL_CONVERSION = YES;
				CLANG_WARN_CONSTANT_CONVERSION = YES;
				CLANG_WARN_DIRECT_OBJC_ISA_USAGE = YES_ERROR;
				CLANG_WARN_DOCUMENTATION_COMMENTS = YES;
				CLANG_WARN_EMPTY_BODY = YES;
				CLANG_WARN_ENUM_CONVERSION = YES;
				CLANG_WARN_INFINITE_RECURSION = YES;
				CLANG_WARN_INT_CONVERSION = YES;
				CLANG_WARN_OBJC_ROOT_CLASS = YES_ERROR;
				CLANG_WARN_SUSPICIOUS_MOVE = YES;
				CLANG_WARN_SUSPICIOUS_MOVES = YES;
				CLANG_WARN_UNREACHABLE_CODE = YES;
				CLANG_WARN__DUPLICATE_METHOD_MATCH = YES;
				"CODE_SIGN_IDENTITY[sdk=iphoneos*]" = "iPhone Developer";
				COPY_PHASE_STRIP = NO;
				CURRENT_PROJECT_VERSION = 1;
				DEBUG_INFORMATION_FORMAT = "dwarf-with-dsym";
				ENABLE_NS_ASSERTIONS = NO;
				ENABLE_STRICT_OBJC_MSGSEND = YES;
				GCC_C_LANGUAGE_STANDARD = gnu99;
				GCC_NO_COMMON_BLOCKS = YES;
				GCC_WARN_64_TO_32_BIT_CONVERSION = YES;
				GCC_WARN_ABOUT_RETURN_TYPE = YES_ERROR;
				GCC_WARN_UNDECLARED_SELECTOR = YES;
				GCC_WARN_UNINITIALIZED_AUTOS = YES_AGGRESSIVE;
				GCC_WARN_UNUSED_FUNCTION = YES;
				GCC_WARN_UNUSED_VARIABLE = YES;
				IPHONEOS_DEPLOYMENT_TARGET = 10.0;
				MTL_ENABLE_DEBUG_INFO = NO;
				SDKROOT = iphoneos;
				SWIFT_OPTIMIZATION_LEVEL = "-Owholemodule";
				TARGETED_DEVICE_FAMILY = "1,2";
				VALIDATE_PRODUCT = YES;
				VERSIONING_SYSTEM = "apple-generic";
				VERSION_INFO_PREFIX = "";
			};
			name = Release;
		};
		C3DAFCEB1D8E8A6400F83608 /* Debug */ = {
			isa = XCBuildConfiguration;
			buildSettings = {
				CLANG_ENABLE_MODULES = YES;
				CODE_SIGN_IDENTITY = "";
				DEFINES_MODULE = YES;
				DEVELOPMENT_TEAM = RJ9J7AZJR2;
				DYLIB_COMPATIBILITY_VERSION = 1;
				DYLIB_CURRENT_VERSION = 1;
				DYLIB_INSTALL_NAME_BASE = "@rpath";
				FRAMEWORK_SEARCH_PATHS = (
					"$(inherited)",
					"$(PROJECT_DIR)/Carthage/Build/iOS",
				);
				INFOPLIST_FILE = IronThrone/Info.plist;
				INSTALL_PATH = "$(LOCAL_LIBRARY_DIR)/Frameworks";
				IPHONEOS_DEPLOYMENT_TARGET = 8.0;
				LD_RUNPATH_SEARCH_PATHS = "$(inherited) @executable_path/Frameworks @loader_path/Frameworks";
				PRODUCT_BUNDLE_IDENTIFIER = com.ricebook.IronThrone;
				PRODUCT_NAME = "$(TARGET_NAME)";
				SKIP_INSTALL = YES;
				SWIFT_OPTIMIZATION_LEVEL = "-Onone";
				SWIFT_VERSION = 3.0;
			};
			name = Debug;
		};
		C3DAFCEC1D8E8A6400F83608 /* Release */ = {
			isa = XCBuildConfiguration;
			buildSettings = {
				CLANG_ENABLE_MODULES = YES;
				CODE_SIGN_IDENTITY = "";
				DEFINES_MODULE = YES;
				DEVELOPMENT_TEAM = RJ9J7AZJR2;
				DYLIB_COMPATIBILITY_VERSION = 1;
				DYLIB_CURRENT_VERSION = 1;
				DYLIB_INSTALL_NAME_BASE = "@rpath";
				FRAMEWORK_SEARCH_PATHS = (
					"$(inherited)",
					"$(PROJECT_DIR)/Carthage/Build/iOS",
				);
				INFOPLIST_FILE = IronThrone/Info.plist;
				INSTALL_PATH = "$(LOCAL_LIBRARY_DIR)/Frameworks";
				IPHONEOS_DEPLOYMENT_TARGET = 8.0;
				LD_RUNPATH_SEARCH_PATHS = "$(inherited) @executable_path/Frameworks @loader_path/Frameworks";
				PRODUCT_BUNDLE_IDENTIFIER = com.ricebook.IronThrone;
				PRODUCT_NAME = "$(TARGET_NAME)";
				SKIP_INSTALL = YES;
				SWIFT_VERSION = 3.0;
			};
			name = Release;
		};
		C3DAFCEE1D8E8A6400F83608 /* Debug */ = {
			isa = XCBuildConfiguration;
			buildSettings = {
				ALWAYS_EMBED_SWIFT_STANDARD_LIBRARIES = YES;
				DEVELOPMENT_TEAM = RJ9J7AZJR2;
				INFOPLIST_FILE = IronThroneTests/Info.plist;
				LD_RUNPATH_SEARCH_PATHS = "$(inherited) @executable_path/Frameworks @loader_path/Frameworks";
				PRODUCT_BUNDLE_IDENTIFIER = com.ricebook.IronThroneTests;
				PRODUCT_NAME = "$(TARGET_NAME)";
				SWIFT_VERSION = 3.0;
			};
			name = Debug;
		};
		C3DAFCEF1D8E8A6400F83608 /* Release */ = {
			isa = XCBuildConfiguration;
			buildSettings = {
				ALWAYS_EMBED_SWIFT_STANDARD_LIBRARIES = YES;
				DEVELOPMENT_TEAM = RJ9J7AZJR2;
				INFOPLIST_FILE = IronThroneTests/Info.plist;
				LD_RUNPATH_SEARCH_PATHS = "$(inherited) @executable_path/Frameworks @loader_path/Frameworks";
				PRODUCT_BUNDLE_IDENTIFIER = com.ricebook.IronThroneTests;
				PRODUCT_NAME = "$(TARGET_NAME)";
				SWIFT_VERSION = 3.0;
			};
			name = Release;
		};
/* End XCBuildConfiguration section */

/* Begin XCConfigurationList section */
		C3B1408B1DB76AD000D4B3EF /* Build configuration list for PBXNativeTarget "Demo" */ = {
			isa = XCConfigurationList;
			buildConfigurations = (
				C3B140891DB76AD000D4B3EF /* Debug */,
				C3B1408A1DB76AD000D4B3EF /* Release */,
			);
			defaultConfigurationIsVisible = 0;
			defaultConfigurationName = Release;
		};
		C3DAFCD01D8E8A6400F83608 /* Build configuration list for PBXProject "IronThrone" */ = {
			isa = XCConfigurationList;
			buildConfigurations = (
				C3DAFCE81D8E8A6400F83608 /* Debug */,
				C3DAFCE91D8E8A6400F83608 /* Release */,
			);
			defaultConfigurationIsVisible = 0;
			defaultConfigurationName = Release;
		};
		C3DAFCEA1D8E8A6400F83608 /* Build configuration list for PBXNativeTarget "IronThrone" */ = {
			isa = XCConfigurationList;
			buildConfigurations = (
				C3DAFCEB1D8E8A6400F83608 /* Debug */,
				C3DAFCEC1D8E8A6400F83608 /* Release */,
			);
			defaultConfigurationIsVisible = 0;
			defaultConfigurationName = Release;
		};
		C3DAFCED1D8E8A6400F83608 /* Build configuration list for PBXNativeTarget "IronThroneTests" */ = {
			isa = XCConfigurationList;
			buildConfigurations = (
				C3DAFCEE1D8E8A6400F83608 /* Debug */,
				C3DAFCEF1D8E8A6400F83608 /* Release */,
			);
			defaultConfigurationIsVisible = 0;
			defaultConfigurationName = Release;
		};
/* End XCConfigurationList section */
	};
	rootObject = C3DAFCCD1D8E8A6400F83608 /* Project object */;
}
